
Microsoft Visual Studio Solution File, Format Version 12.00
# Visual Studio Version 16
VisualStudioVersion = 16.0.31727.386
MinimumVisualStudioVersion = 10.0.40219.1
Project("{9A19103F-16F7-4668-BE54-9A1E7A4F7556}") = "ShopName", "ShopName.csproj", "{BC785F77-807C-42A2-82A5-AA6FF06CD247}"
EndProject
Global
	GlobalSection(SolutionConfigurationPlatforms) = preSolution
		Debug|Any CPU = Debug|Any CPU
		Release|Any CPU = Release|Any CPU
	EndGlobalSection
	GlobalSection(ProjectConfigurationPlatforms) = postSolution
		{BC785F77-807C-42A2-82A5-AA6FF06CD247}.Debug|Any CPU.ActiveCfg = Debug|Any CPU
		{BC785F77-807C-42A2-82A5-AA6FF06CD247}.Debug|Any CPU.Build.0 = Debug|Any CPU
		{BC785F77-807C-42A2-82A5-AA6FF06CD247}.Release|Any CPU.ActiveCfg = Release|Any CPU
		{BC785F77-807C-42A2-82A5-AA6FF06CD247}.Release|Any CPU.Build.0 = Release|Any CPU
	EndGlobalSection
	GlobalSection(SolutionProperties) = preSolution
		HideSolutionNode = FALSE
	EndGlobalSection
	GlobalSection(ExtensibilityGlobals) = postSolution
		SolutionGuid = {EE4CEC8B-4A98-402F-BEF4-0047F43FBCA3}
	EndGlobalSection
EndGlobal
